PODS:
  - Swinject (2.1.1)
  - SwinjectAutoregistration (2.1.1):
    - Swinject (~> 2.1)
  - SwinjectStoryboard (1.1.2):
    - Swinject (~> 2.1)

DEPENDENCIES:
  - Swinject (= 2.1.1)
  - SwinjectAutoregistration (= 2.1.1)
  - SwinjectStoryboard (= 1.1.2)

SPEC CHECKSUMS:
  Swinject: afea49fd95f392b41171669f165842879c48fad6
  SwinjectAutoregistration: d06b56bd8f912b9fb9c59c15181342558a734b1b
  SwinjectStoryboard: 92e75763c3299cdf627bef98a5180dc894864336

PODFILE CHECKSUM: 4c352a3f9384dd5f9ca5db925c70e7d22b5d10a5

COCOAPODS: 1.4.0
